{
  "originHash" : "8e996b990e8c34637a9bb7c0fcae01dfd1319ec3a6c4689f9930fe0caf1769cf",
  "pins" : [
    {
      "identity" : "solanakit.swift",
      "kind" : "remoteSourceControl",
      "location" : "https://github.com/The-SolShare-Team/SolanaKit.swift",
      "state" : {
        "revision" : "0edfdb6701cb785557fc909b4e4ccb9497307942",
        "version" : "0.0.4"
      }
    }
  ],
  "version" : 3
}
